
Microsoft Visual Studio Solution File, Format Version 12.00
# Visual Studio Version 17
VisualStudioVersion = 17.4.33122.133
MinimumVisualStudioVersion = 10.0.40219.1
Project("{FAE04EC0-301F-11D3-BF4B-00C04F79EFBC}") = "ToDoList-Uygulamasi1", "ToDoList-Uygulamasi1\ToDoList-Uygulamasi1.csproj", "{B4B7249A-4FE4-46E1-8EA6-54EC33612826}"
EndProject
Global
	GlobalSection(SolutionConfigurationPlatforms) = preSolution
		Debug|Any CPU = Debug|Any CPU
		Release|Any CPU = Release|Any CPU
	EndGlobalSection
	GlobalSection(ProjectConfigurationPlatforms) = postSolution
		{B4B7249A-4FE4-46E1-8EA6-54EC33612826}.Debug|Any CPU.ActiveCfg = Debug|Any CPU
		{B4B7249A-4FE4-46E1-8EA6-54EC33612826}.Debug|Any CPU.Build.0 = Debug|Any CPU
		{B4B7249A-4FE4-46E1-8EA6-54EC33612826}.Release|Any CPU.ActiveCfg = Release|Any CPU
		{B4B7249A-4FE4-46E1-8EA6-54EC33612826}.Release|Any CPU.Build.0 = Release|Any CPU
	EndGlobalSection
	GlobalSection(SolutionProperties) = preSolution
		HideSolutionNode = FALSE
	EndGlobalSection
	GlobalSection(ExtensibilityGlobals) = postSolution
		SolutionGuid = {12E378B8-9860-4BE0-BD32-B46D01A4CD2B}
	EndGlobalSection
EndGlobal
